// !$*UTF8*$!
{
	archiveVersion = 1;
	classes = {
	};
	objectVersion = 56;
	objects = {

/* Begin PBXBuildFile section */
		ED3E26CC2CA2A5430055EC54 /* TestDoctorApp.swift in Sources */ = {isa = PBXBuildFile; fileRef = ED3E26CB2CA2A5430055EC54 /* TestDoctorApp.swift */; };
		ED3E26D32CA2A5440055EC54 /* Preview Assets.xcassets in Resources */ = {isa = PBXBuildFile; fileRef = ED3E26D22CA2A5440055EC54 /* Preview Assets.xcassets */; };
		ED3E26DA2CA2A6770055EC54 /* Assets.xcassets in Resources */ = {isa = PBXBuildFile; fileRef = ED3E26D92CA2A6770055EC54 /* Assets.xcassets */; };
		ED3E26E62CA2A68D0055EC54 /* UserModel.swift in Sources */ = {isa = PBXBuildFile; fileRef = ED3E26DB2CA2A68D0055EC54 /* UserModel.swift */; };
		ED3E26E72CA2A68D0055EC54 /* CardView.swift in Sources */ = {isa = PBXBuildFile; fileRef = ED3E26DD2CA2A68D0055EC54 /* CardView.swift */; };
		ED3E26E82CA2A68D0055EC54 /* CardViewBoss.swift in Sources */ = {isa = PBXBuildFile; fileRef = ED3E26DE2CA2A68D0055EC54 /* CardViewBoss.swift */; };
		ED3E26E92CA2A68D0055EC54 /* ContentView.swift in Sources */ = {isa = PBXBuildFile; fileRef = ED3E26DF2CA2A68D0055EC54 /* ContentView.swift */; };
		ED3E26EA2CA2A68D0055EC54 /* HomeView.swift in Sources */ = {isa = PBXBuildFile; fileRef = ED3E26E02CA2A68D0055EC54 /* HomeView.swift */; };
		ED3E26EB2CA2A68D0055EC54 /* PriceView.swift in Sources */ = {isa = PBXBuildFile; fileRef = ED3E26E12CA2A68D0055EC54 /* PriceView.swift */; };
		ED3E26EC2CA2A68D0055EC54 /* HomeViewModel.swift in Sources */ = {isa = PBXBuildFile; fileRef = ED3E26E32CA2A68D0055EC54 /* HomeViewModel.swift */; };
		ED3E26F02CA2A6970055EC54 /* 655b754e0574da7622c94aa4.json in Resources */ = {isa = PBXBuildFile; fileRef = ED3E26ED2CA2A6970055EC54 /* 655b754e0574da7622c94aa4.json */; };
		ED3E26F12CA2A6970055EC54 /* ServiceManager.swift in Sources */ = {isa = PBXBuildFile; fileRef = ED3E26EE2CA2A6970055EC54 /* ServiceManager.swift */; };
/* End PBXBuildFile section */

/* Begin PBXFileReference section */
		ED3E26C82CA2A5430055EC54 /* TestDoctor.app */ = {isa = PBXFileReference; explicitFileType = wrapper.application; includeInIndex = 0; path = TestDoctor.app; sourceTree = BUILT_PRODUCTS_DIR; };
		ED3E26CB2CA2A5430055EC54 /* TestDoctorApp.swift */ = {isa = PBXFileReference; lastKnownFileType = sourcecode.swift; path = TestDoctorApp.swift; sourceTree = "<group>"; };
		ED3E26D22CA2A5440055EC54 /* Preview Assets.xcassets */ = {isa = PBXFileReference; lastKnownFileType = folder.assetcatalog; path = "Preview Assets.xcassets"; sourceTree = "<group>"; };
		ED3E26D92CA2A6770055EC54 /* Assets.xcassets */ = {isa = PBXFileReference; lastKnownFileType = folder.assetcatalog; path = Assets.xcassets; sourceTree = "<group>"; };
		ED3E26DB2CA2A68D0055EC54 /* UserModel.swift */ = {isa = PBXFileReference; fileEncoding = 4; lastKnownFileType = sourcecode.swift; path = UserModel.swift; sourceTree = "<group>"; };
		ED3E26DD2CA2A68D0055EC54 /* CardView.swift */ = {isa = PBXFileReference; fileEncoding = 4; lastKnownFileType = sourcecode.swift; path = CardView.swift; sourceTree = "<group>"; };
		ED3E26DE2CA2A68D0055EC54 /* CardViewBoss.swift */ = {isa = PBXFileReference; fileEncoding = 4; lastKnownFileType = sourcecode.swift; path = CardViewBoss.swift; sourceTree = "<group>"; };
		ED3E26DF2CA2A68D0055EC54 /* ContentView.swift */ = {isa = PBXFileReference; fileEncoding = 4; lastKnownFileType = sourcecode.swift; path = ContentView.swift; sourceTree = "<group>"; };
		ED3E26E02CA2A68D0055EC54 /* HomeView.swift */ = {isa = PBXFileReference; fileEncoding = 4; lastKnownFileType = sourcecode.swift; path = HomeView.swift; sourceTree = "<group>"; };
		ED3E26E12CA2A68D0055EC54 /* PriceView.swift */ = {isa = PBXFileReference; fileEncoding = 4; lastKnownFileType = sourcecode.swift; path = PriceView.swift; sourceTree = "<group>"; };
		ED3E26E32CA2A68D0055EC54 /* HomeViewModel.swift */ = {isa = PBXFileReference; fileEncoding = 4; lastKnownFileType = sourcecode.swift; path = HomeViewModel.swift; sourceTree = "<group>"; };
		ED3E26ED2CA2A6970055EC54 /* 655b754e0574da7622c94aa4.json */ = {isa = PBXFileReference; fileEncoding = 4; lastKnownFileType = text.json; path = 655b754e0574da7622c94aa4.json; sourceTree = "<group>"; };
		ED3E26EE2CA2A6970055EC54 /* ServiceManager.swift */ = {isa = PBXFileReference; fileEncoding = 4; lastKnownFileType = sourcecode.swift; path = ServiceManager.swift; sourceTree = "<group>"; };
/* End PBXFileReference section */

/* Begin PBXFrameworksBuildPhase section */
		ED3E26C52CA2A5430055EC54 /* Frameworks */ = {
			isa = PBXFrameworksBuildPhase;
			buildActionMask = 2147483647;
			files = (
			);
			runOnlyForDeploymentPostprocessing = 0;
		};
/* End PBXFrameworksBuildPhase section */

/* Begin PBXGroup section */
		ED3E26BF2CA2A5430055EC54 = {
			isa = PBXGroup;
			children = (
				ED3E26CA2CA2A5430055EC54 /* TestDoctor */,
				ED3E26C92CA2A5430055EC54 /* Products */,
			);
			sourceTree = "<group>";
		};
		ED3E26C92CA2A5430055EC54 /* Products */ = {
			isa = PBXGroup;
			children = (
				ED3E26C82CA2A5430055EC54 /* TestDoctor.app */,
			);
			name = Products;
			sourceTree = "<group>";
		};
		ED3E26CA2CA2A5430055EC54 /* TestDoctor */ = {
			isa = PBXGroup;
			children = (
				ED3E26CB2CA2A5430055EC54 /* TestDoctorApp.swift */,
				ED3E26EF2CA2A6970055EC54 /* ServiceManager */,
				ED3E26E52CA2A68D0055EC54 /* MainTest */,
				ED3E26D92CA2A6770055EC54 /* Assets.xcassets */,
				ED3E26D12CA2A5440055EC54 /* Preview Content */,
			);
			path = TestDoctor;
			sourceTree = "<group>";
		};
		ED3E26D12CA2A5440055EC54 /* Preview Content */ = {
			isa = PBXGroup;
			children = (
				ED3E26D22CA2A5440055EC54 /* Preview Assets.xcassets */,
			);
			path = "Preview Content";
			sourceTree = "<group>";
		};
		ED3E26DC2CA2A68D0055EC54 /* Model */ = {
			isa = PBXGroup;
			children = (
				ED3E26DB2CA2A68D0055EC54 /* UserModel.swift */,
			);
			path = Model;
			sourceTree = "<group>";
		};
		ED3E26E22CA2A68D0055EC54 /* View */ = {
			isa = PBXGroup;
			children = (
				ED3E26DD2CA2A68D0055EC54 /* CardView.swift */,
				ED3E26DE2CA2A68D0055EC54 /* CardViewBoss.swift */,
				ED3E26DF2CA2A68D0055EC54 /* ContentView.swift */,
				ED3E26E02CA2A68D0055EC54 /* HomeView.swift */,
				ED3E26E12CA2A68D0055EC54 /* PriceView.swift */,
			);
			path = View;
			sourceTree = "<group>";
		};
		ED3E26E42CA2A68D0055EC54 /* ViewModel */ = {
			isa = PBXGroup;
			children = (
				ED3E26E32CA2A68D0055EC54 /* HomeViewModel.swift */,
			);
			path = ViewModel;
			sourceTree = "<group>";
		};
		ED3E26E52CA2A68D0055EC54 /* MainTest */ = {
			isa = PBXGroup;
			children = (
				ED3E26DC2CA2A68D0055EC54 /* Model */,
				ED3E26E22CA2A68D0055EC54 /* View */,
				ED3E26E42CA2A68D0055EC54 /* ViewModel */,
			);
			path = MainTest;
			sourceTree = "<group>";
		};
		ED3E26EF2CA2A6970055EC54 /* ServiceManager */ = {
			isa = PBXGroup;
			children = (
				ED3E26ED2CA2A6970055EC54 /* 655b754e0574da7622c94aa4.json */,
				ED3E26EE2CA2A6970055EC54 /* ServiceManager.swift */,
			);
			path = ServiceManager;
			sourceTree = "<group>";
		};
/* End PBXGroup section */

/* Begin PBXNativeTarget section */
		ED3E26C72CA2A5430055EC54 /* TestDoctor */ = {
			isa = PBXNativeTarget;
			buildConfigurationList = ED3E26D62CA2A5440055EC54 /* Build configuration list for PBXNativeTarget "TestDoctor" */;
			buildPhases = (
				ED3E26C42CA2A5430055EC54 /* Sources */,
				ED3E26C52CA2A5430055EC54 /* Frameworks */,
				ED3E26C62CA2A5430055EC54 /* Resources */,
			);
			buildRules = (
			);
			dependencies = (
			);
			name = TestDoctor;
			productName = TestDoctor;
			productReference = ED3E26C82CA2A5430055EC54 /* TestDoctor.app */;
			productType = "com.apple.product-type.application";
		};
/* End PBXNativeTarget section */

/* Begin PBXProject section */
		ED3E26C02CA2A5430055EC54 /* Project object */ = {
			isa = PBXProject;
			attributes = {
				BuildIndependentTargetsInParallel = 1;
				LastSwiftUpdateCheck = 1540;
				LastUpgradeCheck = 1540;
				TargetAttributes = {
					ED3E26C72CA2A5430055EC54 = {
						CreatedOnToolsVersion = 15.4;
					};
				};
			};
			buildConfigurationList = ED3E26C32CA2A5430055EC54 /* Build configuration list for PBXProject "TestDoctor" */;
			compatibilityVersion = "Xcode 14.0";
			developmentRegion = en;
			hasScannedForEncodings = 0;
			knownRegions = (
				en,
				Base,
			);
			mainGroup = ED3E26BF2CA2A5430055EC54;
			productRefGroup = ED3E26C92CA2A5430055EC54 /* Products */;
			projectDirPath = "";
			projectRoot = "";
			targets = (
				ED3E26C72CA2A5430055EC54 /* TestDoctor */,
			);
		};
/* End PBXProject section */

/* Begin PBXResourcesBuildPhase section */
		ED3E26C62CA2A5430055EC54 /* Resources */ = {
			isa = PBXResourcesBuildPhase;
			buildActionMask = 2147483647;
			files = (
				ED3E26DA2CA2A6770055EC54 /* Assets.xcassets in Resources */,
				ED3E26D32CA2A5440055EC54 /* Preview Assets.xcassets in Resources */,
				ED3E26F02CA2A6970055EC54 /* 655b754e0574da7622c94aa4.json in Resources */,
			);
			runOnlyForDeploymentPostprocessing = 0;
		};
/* End PBXResourcesBuildPhase section */

/* Begin PBXSourcesBuildPhase section */
		ED3E26C42CA2A5430055EC54 /* Sources */ = {
			isa = PBXSourcesBuildPhase;
			buildActionMask = 2147483647;
			files = (
				ED3E26E62CA2A68D0055EC54 /* UserModel.swift in Sources */,
				ED3E26EB2CA2A68D0055EC54 /* PriceView.swift in Sources */,
				ED3E26E92CA2A68D0055EC54 /* ContentView.swift in Sources */,
				ED3E26EC2CA2A68D0055EC54 /* HomeViewModel.swift in Sources */,
				ED3E26E82CA2A68D0055EC54 /* CardViewBoss.swift in Sources */,
				ED3E26F12CA2A6970055EC54 /* ServiceManager.swift in Sources */,
				ED3E26EA2CA2A68D0055EC54 /* HomeView.swift in Sources */,
				ED3E26E72CA2A68D0055EC54 /* CardView.swift in Sources */,
				ED3E26CC2CA2A5430055EC54 /* TestDoctorApp.swift in Sources */,
			);
			runOnlyForDeploymentPostprocessing = 0;
		};
/* End PBXSourcesBuildPhase section */

/* Begin XCBuildConfiguration section */
		ED3E26D42CA2A5440055EC54 /* Debug */ = {
			isa = XCBuildConfiguration;
			buildSettings = {
				ALWAYS_SEARCH_USER_PATHS = NO;
				ASSETCATALOG_COMPILER_GENERATE_SWIFT_ASSET_SYMBOL_EXTENSIONS = YES;
				CLANG_ANALYZER_NONNULL = YES;
				CLANG_ANALYZER_NUMBER_OBJECT_CONVERSION = YES_AGGRESSIVE;
				CLANG_CXX_LANGUAGE_STANDARD = "gnu++20";
				CLANG_ENABLE_MODULES = YES;
				CLANG_ENABLE_OBJC_ARC = YES;
				CLANG_ENABLE_OBJC_WEAK = YES;
				CLANG_WARN_BLOCK_CAPTURE_AUTORELEASING = YES;
				CLANG_WARN_BOOL_CONVERSION = YES;
				CLANG_WARN_COMMA = YES;
				CLANG_WARN_CONSTANT_CONVERSION = YES;
				CLANG_WARN_DEPRECATED_OBJC_IMPLEMENTATIONS = YES;
				CLANG_WARN_DIRECT_OBJC_ISA_USAGE = YES_ERROR;
				CLANG_WARN_DOCUMENTATION_COMMENTS = YES;
				CLANG_WARN_EMPTY_BODY = YES;
				CLANG_WARN_ENUM_CONVERSION = YES;
				CLANG_WARN_INFINITE_RECURSION = YES;
				CLANG_WARN_INT_CONVERSION = YES;
				CLANG_WARN_NON_LITERAL_NULL_CONVERSION = YES;
				CLANG_WARN_OBJC_IMPLICIT_RETAIN_SELF = YES;
				CLANG_WARN_OBJC_LITERAL_CONVERSION = YES;
				CLANG_WARN_OBJC_ROOT_CLASS = YES_ERROR;
				CLANG_WARN_QUOTED_INCLUDE_IN_FRAMEWORK_HEADER = YES;
				CLANG_WARN_RANGE_LOOP_ANALYSIS = YES;
				CLANG_WARN_STRICT_PROTOTYPES = YES;
				CLANG_WARN_SUSPICIOUS_MOVE = YES;
				CLANG_WARN_UNGUARDED_AVAILABILITY = YES_AGGRESSIVE;
				CLANG_WARN_UNREACHABLE_CODE = YES;
				CLANG_WARN__DUPLICATE_METHOD_MATCH = YES;
				COPY_PHASE_STRIP = NO;
				DEBUG_INFORMATION_FORMAT = dwarf;
				ENABLE_STRICT_OBJC_MSGSEND = YES;
				ENABLE_TESTABILITY = YES;
				ENABLE_USER_SCRIPT_SANDBOXING = YES;
				GCC_C_LANGUAGE_STANDARD = gnu17;
				GCC_DYNAMIC_NO_PIC = NO;
				GCC_NO_COMMON_BLOCKS = YES;
				GCC_OPTIMIZATION_LEVEL = 0;
				GCC_PREPROCESSOR_DEFINITIONS = (
					"DEBUG=1",
					"$(inherited)",
				);
				GCC_WARN_64_TO_32_BIT_CONVERSION = YES;
				GCC_WARN_ABOUT_RETURN_TYPE = YES_ERROR;
				GCC_WARN_UNDECLARED_SELECTOR = YES;
				GCC_WARN_UNINITIALIZED_AUTOS = YES_AGGRESSIVE;
				GCC_WARN_UNUSED_FUNCTION = YES;
				GCC_WARN_UNUSED_VARIABLE = YES;
				IPHONEOS_DEPLOYMENT_TARGET = 17.5;
				LOCALIZATION_PREFERS_STRING_CATALOGS = YES;
				MTL_ENABLE_DEBUG_INFO = INCLUDE_SOURCE;
				MTL_FAST_MATH = YES;
				ONLY_ACTIVE_ARCH = YES;
				SDKROOT = iphoneos;
				SWIFT_ACTIVE_COMPILATION_CONDITIONS = "DEBUG $(inherited)";
				SWIFT_OPTIMIZATION_LEVEL = "-Onone";
			};
			name = Debug;
		};
		ED3E26D52CA2A5440055EC54 /* Release */ = {
			isa = XCBuildConfiguration;
			buildSettings = {
				ALWAYS_SEARCH_USER_PATHS = NO;
				ASSETCATALOG_COMPILER_GENERATE_SWIFT_ASSET_SYMBOL_EXTENSIONS = YES;
				CLANG_ANALYZER_NONNULL = YES;
				CLANG_ANALYZER_NUMBER_OBJECT_CONVERSION = YES_AGGRESSIVE;
				CLANG_CXX_LANGUAGE_STANDARD = "gnu++20";
				CLANG_ENABLE_MODULES = YES;
				CLANG_ENABLE_OBJC_ARC = YES;
				CLANG_ENABLE_OBJC_WEAK = YES;
				CLANG_WARN_BLOCK_CAPTURE_AUTORELEASING = YES;
				CLANG_WARN_BOOL_CONVERSION = YES;
				CLANG_WARN_COMMA = YES;
				CLANG_WARN_CONSTANT_CONVERSION = YES;
				CLANG_WARN_DEPRECATED_OBJC_IMPLEMENTATIONS = YES;
				CLANG_WARN_DIRECT_OBJC_ISA_USAGE = YES_ERROR;
				CLANG_WARN_DOCUMENTATION_COMMENTS = YES;
				CLANG_WARN_EMPTY_BODY = YES;
				CLANG_WARN_ENUM_CONVERSION = YES;
				CLANG_WARN_INFINITE_RECURSION = YES;
				CLANG_WARN_INT_CONVERSION = YES;
				CLANG_WARN_NON_LITERAL_NULL_CONVERSION = YES;
				CLANG_WARN_OBJC_IMPLICIT_RETAIN_SELF = YES;
				CLANG_WARN_OBJC_LITERAL_CONVERSION = YES;
				CLANG_WARN_OBJC_ROOT_CLASS = YES_ERROR;
				CLANG_WARN_QUOTED_INCLUDE_IN_FRAMEWORK_HEADER = YES;
				CLANG_WARN_RANGE_LOOP_ANALYSIS = YES;
				CLANG_WARN_STRICT_PROTOTYPES = YES;
				CLANG_WARN_SUSPICIOUS_MOVE = YES;
				CLANG_WARN_UNGUARDED_AVAILABILITY = YES_AGGRESSIVE;
				CLANG_WARN_UNREACHABLE_CODE = YES;
				CLANG_WARN__DUPLICATE_METHOD_MATCH = YES;
				COPY_PHASE_STRIP = NO;
				DEBUG_INFORMATION_FORMAT = "dwarf-with-dsym";
				ENABLE_NS_ASSERTIONS = NO;
				ENABLE_STRICT_OBJC_MSGSEND = YES;
				ENABLE_USER_SCRIPT_SANDBOXING = YES;
				GCC_C_LANGUAGE_STANDARD = gnu17;
				GCC_NO_COMMON_BLOCKS = YES;
				GCC_WARN_64_TO_32_BIT_CONVERSION = YES;
				GCC_WARN_ABOUT_RETURN_TYPE = YES_ERROR;
				GCC_WARN_UNDECLARED_SELECTOR = YES;
				GCC_WARN_UNINITIALIZED_AUTOS = YES_AGGRESSIVE;
				GCC_WARN_UNUSED_FUNCTION = YES;
				GCC_WARN_UNUSED_VARIABLE = YES;
				IPHONEOS_DEPLOYMENT_TARGET = 17.5;
				LOCALIZATION_PREFERS_STRING_CATALOGS = YES;
				MTL_ENABLE_DEBUG_INFO = NO;
				MTL_FAST_MATH = YES;
				SDKROOT = iphoneos;
				SWIFT_COMPILATION_MODE = wholemodule;
				VALIDATE_PRODUCT = YES;
			};
			name = Release;
		};
		ED3E26D72CA2A5440055EC54 /* Debug */ = {
			isa = XCBuildConfiguration;
			buildSettings = {
				ASSETCATALOG_COMPILER_APPICON_NAME = AppIcon;
				ASSETCATALOG_COMPILER_GLOBAL_ACCENT_COLOR_NAME = AccentColor;
				CODE_SIGN_STYLE = Automatic;
				CURRENT_PROJECT_VERSION = 1;
				DEVELOPMENT_ASSET_PATHS = "\"TestDoctor/Preview Content\"";
				DEVELOPMENT_TEAM = 29K688XTL9;
				ENABLE_PREVIEWS = YES;
				GENERATE_INFOPLIST_FILE = YES;
				INFOPLIST_KEY_UIApplicationSceneManifest_Generation = YES;
				INFOPLIST_KEY_UIApplicationSupportsIndirectInputEvents = YES;
				INFOPLIST_KEY_UILaunchScreen_Generation = YES;
				INFOPLIST_KEY_UISupportedInterfaceOrientations_iPad = "UIInterfaceOrientationPortrait UIInterfaceOrientationPortraitUpsideDown UIInterfaceOrientationLandscapeLeft UIInterfaceOrientationLandscapeRight";
				INFOPLIST_KEY_UISupportedInterfaceOrientations_iPhone = "UIInterfaceOrientationPortrait UIInterfaceOrientationLandscapeLeft UIInterfaceOrientationLandscapeRight";
				LD_RUNPATH_SEARCH_PATHS = (
					"$(inherited)",
					"@executable_path/Frameworks",
				);
				MARKETING_VERSION = 1.0;
				PRODUCT_BUNDLE_IDENTIFIER = test.TestDoctor;
				PRODUCT_NAME = "$(TARGET_NAME)";
				SWIFT_EMIT_LOC_STRINGS = YES;
				SWIFT_VERSION = 5.0;
				TARGETED_DEVICE_FAMILY = "1,2";
			};
			name = Debug;
		};
		ED3E26D82CA2A5440055EC54 /* Release */ = {
			isa = XCBuildConfiguration;
			buildSettings = {
				ASSETCATALOG_COMPILER_APPICON_NAME = AppIcon;
				ASSETCATALOG_COMPILER_GLOBAL_ACCENT_COLOR_NAME = AccentColor;
				CODE_SIGN_STYLE = Automatic;
				CURRENT_PROJECT_VERSION = 1;
				DEVELOPMENT_ASSET_PATHS = "\"TestDoctor/Preview Content\"";
				DEVELOPMENT_TEAM = 29K688XTL9;
				ENABLE_PREVIEWS = YES;
				GENERATE_INFOPLIST_FILE = YES;
				INFOPLIST_KEY_UIApplicationSceneManifest_Generation = YES;
				INFOPLIST_KEY_UIApplicationSupportsIndirectInputEvents = YES;
				INFOPLIST_KEY_UILaunchScreen_Generation = YES;
				INFOPLIST_KEY_UISupportedInterfaceOrientations_iPad = "UIInterfaceOrientationPortrait UIInterfaceOrientationPortraitUpsideDown UIInterfaceOrientationLandscapeLeft UIInterfaceOrientationLandscapeRight";
				INFOPLIST_KEY_UISupportedInterfaceOrientations_iPhone = "UIInterfaceOrientationPortrait UIInterfaceOrientationLandscapeLeft UIInterfaceOrientationLandscapeRight";
				LD_RUNPATH_SEARCH_PATHS = (
					"$(inherited)",
					"@executable_path/Frameworks",
				);
				MARKETING_VERSION = 1.0;
				PRODUCT_BUNDLE_IDENTIFIER = test.TestDoctor;
				PRODUCT_NAME = "$(TARGET_NAME)";
				SWIFT_EMIT_LOC_STRINGS = YES;
				SWIFT_VERSION = 5.0;
				TARGETED_DEVICE_FAMILY = "1,2";
			};
			name = Release;
		};
/* End XCBuildConfiguration section */

/* Begin XCConfigurationList section */
		ED3E26C32CA2A5430055EC54 /* Build configuration list for PBXProject "TestDoctor" */ = {
			isa = XCConfigurationList;
			buildConfigurations = (
				ED3E26D42CA2A5440055EC54 /* Debug */,
				ED3E26D52CA2A5440055EC54 /* Release */,
			);
			defaultConfigurationIsVisible = 0;
			defaultConfigurationName = Release;
		};
		ED3E26D62CA2A5440055EC54 /* Build configuration list for PBXNativeTarget "TestDoctor" */ = {
			isa = XCConfigurationList;
			buildConfigurations = (
				ED3E26D72CA2A5440055EC54 /* Debug */,
				ED3E26D82CA2A5440055EC54 /* Release */,
			);
			defaultConfigurationIsVisible = 0;
			defaultConfigurationName = Release;
		};
/* End XCConfigurationList section */
	};
	rootObject = ED3E26C02CA2A5430055EC54 /* Project object */;
}
